{
    "_meta": {
        "hash": {
            "sha256": "7dd12c07708d0e496d3614b0aee252970a2cd85708840013b6f82ea7f160b94e"
        },
        "pipfile-spec": 6,
        "requires": {
            "python_version": "3.6"
        },
        "sources": [
            {
                "name": "pypi",
                "url": "https://pypi.org/simple",
                "verify_ssl": true
            }
        ]
    },
    "default": {
        "click": {
            "hashes": [
                "sha256:d2b5255c7c6349bc1bd1e59e08cd12acbbd63ce649f2588755783aa94dfb6b1a",
                "sha256:dacca89f4bfadd5de3d7489b7c8a566eee0d3676333fbb50030263894c38c0dc"
            ],
            "version": "==7.1.2"
        },
        "cycler": {
            "hashes": [
                "sha256:1d8a5ae1ff6c5cf9b93e8811e581232ad8920aeec647c37316ceac982b08cb2d",
                "sha256:cd7b2d1018258d7247a71425e9f26463dfb444d411c39569972f4ce586b0c9d8"
            ],
            "version": "==0.10.0"
        },
        "flask": {
            "hashes": [
                "sha256:13f9f196f330c7c2c5d7a5cf91af894110ca0215ac051b5844701f2bfd934d52",
                "sha256:45eb5a6fd193d6cf7e0cf5d8a5b31f83d5faae0293695626f539a823e93b13f6"
            ],
            "index": "pypi",
            "version": "==1.1.1"
        },
        "gunicorn": {
            "hashes": [
                "sha256:aa8e0b40b4157b36a5df5e599f45c9c76d6af43845ba3b3b0efe2c70473c2471",
                "sha256:fa2662097c66f920f53f70621c6c58ca4a3c4d3434205e608e121b5b3b71f4f3"
            ],
            "index": "pypi",
            "version": "==19.9.0"
        },
        "itsdangerous": {
            "hashes": [
                "sha256:321b033d07f2a4136d3ec762eac9f16a10ccd60f53c0c91af90217ace7ba1f19",
                "sha256:b12271b2047cb23eeb98c8b5622e2e5c5e9abd9784a153e9d8ef9cb4dd09d749"
            ],
            "version": "==1.1.0"
        },
        "jinja2": {
            "hashes": [
                "sha256:03e47ad063331dd6a3f04a43eddca8a966a26ba0c5b7207a9a9e4e08f1b29419",
                "sha256:a6d58433de0ae800347cab1fa3043cebbabe8baa9d29e668f1c768cb87a333c6"
            ],
            "index": "pypi",
            "version": "==2.11.3"
        },
        "joblib": {
            "hashes": [
                "sha256:0630eea4f5664c463f23fbf5dcfc54a2bc6168902719fa8e19daf033022786c8",
                "sha256:bdb4fd9b72915ffb49fde2229ce482dd7ae79d842ed8c2b4c932441495af1403"
            ],
            "index": "pypi",
            "version": "==0.14.1"
        },
        "kiwisolver": {
            "hashes": [
                "sha256:0cd53f403202159b44528498de18f9285b04482bab2a6fc3f5dd8dbb9352e30d",
                "sha256:1e1bc12fb773a7b2ffdeb8380609f4f8064777877b2225dec3da711b421fda31",
                "sha256:225e2e18f271e0ed8157d7f4518ffbf99b9450fca398d561eb5c4a87d0986dd9",
                "sha256:232c9e11fd7ac3a470d65cd67e4359eee155ec57e822e5220322d7b2ac84fbf0",
                "sha256:31dfd2ac56edc0ff9ac295193eeaea1c0c923c0355bf948fbd99ed6018010b72",
                "sha256:33449715e0101e4d34f64990352bce4095c8bf13bed1b390773fc0a7295967b3",
                "sha256:401a2e9afa8588589775fe34fc22d918ae839aaaf0c0e96441c0fdbce6d8ebe6",
                "sha256:44a62e24d9b01ba94ae7a4a6c3fb215dc4af1dde817e7498d901e229aaf50e4e",
                "sha256:50af681a36b2a1dee1d3c169ade9fdc59207d3c31e522519181e12f1b3ba7000",
                "sha256:563c649cfdef27d081c84e72a03b48ea9408c16657500c312575ae9d9f7bc1c3",
                "sha256:5989db3b3b34b76c09253deeaf7fbc2707616f130e166996606c284395da3f18",
                "sha256:5a7a7dbff17e66fac9142ae2ecafb719393aaee6a3768c9de2fd425c63b53e21",
                "sha256:5c3e6455341008a054cccee8c5d24481bcfe1acdbc9add30aa95798e95c65621",
                "sha256:5f6ccd3dd0b9739edcf407514016108e2280769c73a85b9e59aa390046dbf08b",
                "sha256:72c99e39d005b793fb7d3d4e660aed6b6281b502e8c1eaf8ee8346023c8e03bc",
                "sha256:78751b33595f7f9511952e7e60ce858c6d64db2e062afb325985ddbd34b5c131",
                "sha256:834ee27348c4aefc20b479335fd422a2c69db55f7d9ab61721ac8cd83eb78882",
                "sha256:8be8d84b7d4f2ba4ffff3665bcd0211318aa632395a1a41553250484a871d454",
                "sha256:950a199911a8d94683a6b10321f9345d5a3a8433ec58b217ace979e18f16e248",
                "sha256:a357fd4f15ee49b4a98b44ec23a34a95f1e00292a139d6015c11f55774ef10de",
                "sha256:a53d27d0c2a0ebd07e395e56a1fbdf75ffedc4a05943daf472af163413ce9598",
                "sha256:acef3d59d47dd85ecf909c359d0fd2c81ed33bdff70216d3956b463e12c38a54",
                "sha256:b38694dcdac990a743aa654037ff1188c7a9801ac3ccc548d3341014bc5ca278",
                "sha256:b9edd0110a77fc321ab090aaa1cfcaba1d8499850a12848b81be2222eab648f6",
                "sha256:c08e95114951dc2090c4a630c2385bef681cacf12636fb0241accdc6b303fd81",
                "sha256:c5518d51a0735b1e6cee1fdce66359f8d2b59c3ca85dc2b0813a8aa86818a030",
                "sha256:c8fd0f1ae9d92b42854b2979024d7597685ce4ada367172ed7c09edf2cef9cb8",
                "sha256:ca3820eb7f7faf7f0aa88de0e54681bddcb46e485beb844fcecbcd1c8bd01689",
                "sha256:cf8b574c7b9aa060c62116d4181f3a1a4e821b2ec5cbfe3775809474113748d4",
                "sha256:d3155d828dec1d43283bd24d3d3e0d9c7c350cdfcc0bd06c0ad1209c1bbc36d0",
                "sha256:f8d6f8db88049a699817fd9178782867bf22283e3813064302ac59f61d95be05",
                "sha256:fd34fbbfbc40628200730bc1febe30631347103fc8d3d4fa012c21ab9c11eca9"
            ],
            "version": "==1.3.1"
        },
        "markupsafe": {
            "hashes": [
                "sha256:00bc623926325b26bb9605ae9eae8a215691f33cae5df11ca5424f06f2d1f473",
                "sha256:09027a7803a62ca78792ad89403b1b7a73a01c8cb65909cd876f7fcebd79b161",
                "sha256:09c4b7f37d6c648cb13f9230d847adf22f8171b1ccc4d5682398e77f40309235",
                "sha256:1027c282dad077d0bae18be6794e6b6b8c91d58ed8a8d89a89d59693b9131db5",
                "sha256:13d3144e1e340870b25e7b10b98d779608c02016d5184cfb9927a9f10c689f42",
                "sha256:195d7d2c4fbb0ee8139a6cf67194f3973a6b3042d742ebe0a9ed36d8b6f0c07f",
                "sha256:22c178a091fc6630d0d045bdb5992d2dfe14e3259760e713c490da5323866c39",
                "sha256:24982cc2533820871eba85ba648cd53d8623687ff11cbb805be4ff7b4c971aff",
                "sha256:29872e92839765e546828bb7754a68c418d927cd064fd4708fab9fe9c8bb116b",
                "sha256:2beec1e0de6924ea551859edb9e7679da6e4870d32cb766240ce17e0a0ba2014",
                "sha256:3b8a6499709d29c2e2399569d96719a1b21dcd94410a586a18526b143ec8470f",
                "sha256:43a55c2930bbc139570ac2452adf3d70cdbb3cfe5912c71cdce1c2c6bbd9c5d1",
                "sha256:46c99d2de99945ec5cb54f23c8cd5689f6d7177305ebff350a58ce5f8de1669e",
                "sha256:500d4957e52ddc3351cabf489e79c91c17f6e0899158447047588650b5e69183",
                "sha256:535f6fc4d397c1563d08b88e485c3496cf5784e927af890fb3c3aac7f933ec66",
                "sha256:596510de112c685489095da617b5bcbbac7dd6384aeebeda4df6025d0256a81b",
                "sha256:62fe6c95e3ec8a7fad637b7f3d372c15ec1caa01ab47926cfdf7a75b40e0eac1",
                "sha256:6788b695d50a51edb699cb55e35487e430fa21f1ed838122d722e0ff0ac5ba15",
                "sha256:6dd73240d2af64df90aa7c4e7481e23825ea70af4b4922f8ede5b9e35f78a3b1",
                "sha256:6f1e273a344928347c1290119b493a1f0303c52f5a5eae5f16d74f48c15d4a85",
                "sha256:6fffc775d90dcc9aed1b89219549b329a9250d918fd0b8fa8d93d154918422e1",
                "sha256:717ba8fe3ae9cc0006d7c451f0bb265ee07739daf76355d06366154ee68d221e",
                "sha256:79855e1c5b8da654cf486b830bd42c06e8780cea587384cf6545b7d9ac013a0b",
                "sha256:7c1699dfe0cf8ff607dbdcc1e9b9af1755371f92a68f706051cc8c37d447c905",
                "sha256:7fed13866cf14bba33e7176717346713881f56d9d2bcebab207f7a036f41b850",
                "sha256:84dee80c15f1b560d55bcfe6d47b27d070b4681c699c572af2e3c7cc90a3b8e0",
                "sha256:88e5fcfb52ee7b911e8bb6d6aa2fd21fbecc674eadd44118a9cc3863f938e735",
                "sha256:8defac2f2ccd6805ebf65f5eeb132adcf2ab57aa11fdf4c0dd5169a004710e7d",
                "sha256:98bae9582248d6cf62321dcb52aaf5d9adf0bad3b40582925ef7c7f0ed85fceb",
                "sha256:98c7086708b163d425c67c7a91bad6e466bb99d797aa64f965e9d25c12111a5e",
                "sha256:9add70b36c5666a2ed02b43b335fe19002ee5235efd4b8a89bfcf9005bebac0d",
                "sha256:9bf40443012702a1d2070043cb6291650a0841ece432556f784f004937f0f32c",
                "sha256:a6a744282b7718a2a62d2ed9d993cad6f5f585605ad352c11de459f4108df0a1",
                "sha256:acf08ac40292838b3cbbb06cfe9b2cb9ec78fce8baca31ddb87aaac2e2dc3bc2",
                "sha256:ade5e387d2ad0d7ebf59146cc00c8044acbd863725f887353a10df825fc8ae21",
                "sha256:b00c1de48212e4cc9603895652c5c410df699856a2853135b3967591e4beebc2",
                "sha256:b1282f8c00509d99fef04d8ba936b156d419be841854fe901d8ae224c59f0be5",
                "sha256:b1dba4527182c95a0db8b6060cc98ac49b9e2f5e64320e2b56e47cb2831978c7",
                "sha256:b2051432115498d3562c084a49bba65d97cf251f5a331c64a12ee7e04dacc51b",
                "sha256:b7d644ddb4dbd407d31ffb699f1d140bc35478da613b441c582aeb7c43838dd8",
                "sha256:ba59edeaa2fc6114428f1637ffff42da1e311e29382d81b339c1817d37ec93c6",
                "sha256:bf5aa3cbcfdf57fa2ee9cd1822c862ef23037f5c832ad09cfea57fa846dec193",
                "sha256:c8716a48d94b06bb3b2524c2b77e055fb313aeb4ea620c8dd03a105574ba704f",
                "sha256:caabedc8323f1e93231b52fc32bdcde6db817623d33e100708d9a68e1f53b26b",
                "sha256:cd5df75523866410809ca100dc9681e301e3c27567cf498077e8551b6d20e42f",
                "sha256:cdb132fc825c38e1aeec2c8aa9338310d29d337bebbd7baa06889d09a60a1fa2",
                "sha256:d53bc011414228441014aa71dbec320c66468c1030aae3a6e29778a3382d96e5",
                "sha256:d73a845f227b0bfe8a7455ee623525ee656a9e2e749e4742706d80a6065d5e2c",
                "sha256:d9be0ba6c527163cbed5e0857c451fcd092ce83947944d6c14bc95441203f032",
                "sha256:e249096428b3ae81b08327a63a485ad0878de3fb939049038579ac0ef61e17e7",
                "sha256:e8313f01ba26fbbe36c7be1966a7b7424942f670f38e666995b88d012765b9be",
                "sha256:feb7b34d6325451ef96bc0e36e1a6c0c1c64bc1fbec4b854f4529e51887b1621"
            ],
            "version": "==1.1.1"
        },
        "matplotlib": {
            "hashes": [
                "sha256:08ccc8922eb4792b91c652d3e6d46b1c99073f1284d1b6705155643e8046463a",
                "sha256:161dcd807c0c3232f4dcd4a12a382d52004a498174cbfafd40646106c5bcdcc8",
                "sha256:1f9e885bfa1b148d16f82a6672d043ecf11197f6c71ae222d0546db706e52eb2",
                "sha256:2d6ab54015a7c0d727c33e36f85f5c5e4172059efdd067f7527f6e5d16ad01aa",
                "sha256:5d2e408a2813abf664bd79431107543ecb449136912eb55bb312317edecf597e",
                "sha256:61c8b740a008218eb604de518eb411c4953db0cb725dd0b32adf8a81771cab9e",
                "sha256:80f10af8378fccc136da40ea6aa4a920767476cdfb3241acb93ef4f0465dbf57",
                "sha256:819d4860315468b482f38f1afe45a5437f60f03eaede495d5ff89f2eeac89500",
                "sha256:8cc0e44905c2c8fda5637cad6f311eb9517017515a034247ab93d0cf99f8bb7a",
                "sha256:8e8e2c2fe3d873108735c6ee9884e6f36f467df4a143136209cff303b183bada",
                "sha256:98c2ffeab8b79a4e3a0af5dd9939f92980eb6e3fec10f7f313df5f35a84dacab",
                "sha256:d59bb0e82002ac49f4152963f8a1079e66794a4f454457fd2f0dcc7bf0797d30",
                "sha256:ee59b7bb9eb75932fe3787e54e61c99b628155b0cedc907864f24723ba55b309"
            ],
            "index": "pypi",
            "version": "==3.1.2"
        },
        "numpy": {
            "hashes": [
                "sha256:03bbde29ac8fba860bb2c53a1525b3604a9b60417855ac3119d89868ec6041c3",
                "sha256:1baefd1fb4695e7f2e305467dbd876d765e6edd30c522894df76f8301efaee36",
                "sha256:1c35fb1131362e6090d30286cfda52ddd42e69d3e2bf1fea190a0fad83ea3a18",
                "sha256:3c68c827689ca0ca713dba598335073ce0966850ec0b30715527dce4ecd84055",
                "sha256:443ab93fc35b31f01db8704681eb2fd82f3a1b2fa08eed2dd0e71f1f57423d4a",
                "sha256:56710a756c5009af9f35b91a22790701420406d9ac24cf6b652b0e22cfbbb7ff",
                "sha256:62506e9e4d2a39c87984f081a2651d4282a1d706b1a82fe9d50a559bb58e705a",
                "sha256:6f8113c8dbfc192b58996ee77333696469ea121d1c44ea429d8fd266e4c6be51",
                "sha256:712f0c32555132f4b641b918bdb1fd3c692909ae916a233ce7f50eac2de87e37",
                "sha256:854f6ed4fa91fa6da5d764558804ba5b0f43a51e5fe9fc4fdc93270b052f188a",
                "sha256:88c5ccbc4cadf39f32193a5ef22e3f84674418a9fd877c63322917ae8f295a56",
                "sha256:905cd6fa6ac14654a6a32b21fad34670e97881d832e24a3ca32e19b455edb4a8",
                "sha256:9d6de2ad782aae68f7ed0e0e616477fbf693d6d7cc5f0f1505833ff12f84a673",
                "sha256:a30f5c3e1b1b5d16ec1f03f4df28e08b8a7529d8c920bbed657f4fde61f1fbcd",
                "sha256:a9d72d9abaf65628f0f31bbb573b7d9304e43b1e6bbae43149c17737a42764c4",
                "sha256:ac3cf835c334fcc6b74dc4e630f9b5ff7b4c43f7fb2a7813208d95d4e10b5623",
                "sha256:b091e5d4cbbe79f0e8b6b6b522346e54a282eadb06e3fd761e9b6fafc2ca91ad",
                "sha256:cc070fc43a494e42732d6ae2f6621db040611c1dde64762a40c8418023af56d7",
                "sha256:e1080e37c090534adb2dd7ae1c59ee883e5d8c3e63d2a4d43c20ee348d0459c5",
                "sha256:f084d513de729ff10cd72a1f80db468cff464fedb1ef2fea030221a0f62d7ff4",
                "sha256:f6a7421da632fc01e8a3ecd19c3f7350258d82501a646747664bae9c6a87c731"
            ],
            "index": "pypi",
            "version": "==1.18.0"
        },
        "opencv-python": {
            "hashes": [
                "sha256:04bec0a6d3a00360a7fb769b755ff4489a4ac8291821b785151f63e6d8bb59ea",
                "sha256:1a2d1801c038f055852bd2379186ca8b19b4ea24afb0b8410293bc802211579b",
                "sha256:1c7d235faef511aca7669f1aa650897b6c058dfde6412ea3fc58feb0fce78814",
                "sha256:22c2ee5f97f85903bfb28c056566b2ecaa1d2f804b880ab39ebf94528a402992",
                "sha256:25127990671dc8bd27ae8b880d7a39f9aae863052a8fbebe8977c6ce8e5fc0c9",
                "sha256:3cef82b6a1f748d2f4527f5932a86d54ebd10bd89f6cf59b003c36b1015055f7",
                "sha256:499a0413e7110a934ab56e635252a4c86f8be64de59f94a62318a7b895dc809e",
                "sha256:5f2cf5a0ab244a0a1dbe5ec426c277b55e06ac6a472ad61be77ef643a238cbd3",
                "sha256:5fec35916a6b9ce935f2e2806084303fd4e3fbb0c973a8db8f54b5aca54613cb",
                "sha256:6183c9c7fab4590e0651bc941cde780988c3ad9889bd62de19d581a6f59523ea",
                "sha256:67a236db8db84d7fb0f6e127f360ce6669350ef324839132e22879ec90588dab",
                "sha256:6c32d36f52a6e0c02d1ab0bb95223cb4dd5525a7e8292a747116126b3d34c578",
                "sha256:73a467a78ffd902d2c0265ab6b2e2cdda423d61b3d08685e0c7d0b4572142ff1",
                "sha256:76de8a247970d150b1672c6646cda91217d562682e713721fc9b9bf1434553c4",
                "sha256:919d5c3ec1a62258ba8c68b869b1056186e2355c4474739b199c295547e66cc1",
                "sha256:982d4e80c14356098cde57a6c7d18fe0928a1c3118675bac2252ef38f152e1ab",
                "sha256:9d025e6bf2989bcbc7744c26d8bd90c2629a92d8de3ba2416f62ce2a94615dd9",
                "sha256:bb59f98205cd81e29f45eed043cf0f98531486dc0b3f671c9e06fecf08f7ccef",
                "sha256:c8119248457e909dcd7b598621ed1d139419d69377e8cb4e2b2c49c819de287d",
                "sha256:ce7b1f25be04b04f2e678b2bf23a975137f77406dcee66a88a2daeb77cda3e76",
                "sha256:d64428bf59ab4d27620b00a2ad6fea2b4d62016a17849c82a7517ec12db97d55",
                "sha256:e2ffa3161b8662112f1880734e8b9549d0c9e818e59f652a9d1c5bf31e36586a",
                "sha256:e6fc00ac42c800fad5fb3927cfb9bf4e60bb3302cb9805f45b826d5d2546119a",
                "sha256:e793df2e12093b3a01006b5b27f321e306193c7a5c9e2a6c8bf652e1ad2d6a86",
                "sha256:eae543b3e9253ff702103333aabd87736b5ed5e46ab834d8e0b929f08f494dee",
                "sha256:f0af656402b73ead2d9f593c2774c04b01e2d0c63e4f99e0dc2f3fde99be22b4"
            ],
            "index": "pypi",
            "version": "==4.1.2.30"
        },
        "pyparsing": {
            "hashes": [
                "sha256:c203ec8783bf771a155b207279b9bccb8dea02d8f0c9e5f8ead507bc3246ecc1",
                "sha256:ef9d7589ef3c200abe66653d3f1ab1033c3c419ae9b9bdb1240a85b024efc88b"
            ],
            "version": "==2.4.7"
        },
        "python-dateutil": {
            "hashes": [
                "sha256:73ebfe9dbf22e832286dafa60473e4cd239f8592f699aa5adaf10050e6e1823c",
                "sha256:75bb3f31ea686f1197762692a9ee6a7550b59fc6ca3a1f4b5d7e32fb98e2da2a"
            ],
            "version": "==2.8.1"
        },
        "python-dotenv": {
            "hashes": [
                "sha256:debd928b49dbc2bf68040566f55cdb3252458036464806f4094487244e2a4093",
                "sha256:f157d71d5fec9d4bd5f51c82746b6344dffa680ee85217c123f4a0c8117c4544"
            ],
            "index": "pypi",
            "version": "==0.10.3"
        },
        "scikit-learn": {
            "hashes": [
                "sha256:0567a2d29ad08af98653300c623bd8477b448fe66ced7198bef4ed195925f082",
                "sha256:087dfede39efb06ab30618f9ab55a0397f29c38d63cd0ab88d12b500b7d65fd7",
                "sha256:1adf483e91007a87171d7ce58c34b058eb5dab01b5fee6052f15841778a8ecd8",
                "sha256:259ec35201e82e2db1ae2496f229e63f46d7f1695ae68eef9350b00dc74ba52f",
                "sha256:3c4f07f47c04e81b134424d53c3f5e16dfd7f494e44fd7584ba9ce9de2c5e6c1",
                "sha256:4562dcf4793e61c5d0f89836d07bc37521c3a1889da8f651e2c326463c4bd697",
                "sha256:4ddd2b6f7449a5d539ff754fa92d75da22de261fd8fdcfb3596799fadf255101",
                "sha256:7b04691eb2f41d2c68dbda8d1bd3cb4ef421bdc43aaa56aeb6c762224552dfb6",
                "sha256:826b92bf45b8ad80444814e5f4ac032156dd481e48d7da33d611f8fe96d5f08b",
                "sha256:83b21ff053b1ff1c018a2d24db6dd3ea339b1acfbaa4d9c881731f43748d8b3b",
                "sha256:8772b99d683be8f67fcc04789032f1b949022a0e6880ee7b75a7ec97dbbb5d0b",
                "sha256:895dbf2030aa7337649e36a83a007df3c9811396b4e2fa672a851160f36ce90c",
                "sha256:8aa1b3ac46b80eaa552b637eeadbbce3be5931e4b5002b964698e33a1b589e1e",
                "sha256:99349d77f54e11f962d608d94dfda08f0c9e5720d97132233ebdf35be2858b2d",
                "sha256:9a24d1ccec2a34d4cd3f2a1f86409f3f5954cc23d4d2270ba0d03cf018aa4780",
                "sha256:9bed8a1ef133c8e2f13966a542cb8125eac7f4b67dcd234197c827ba9c7dd3e0",
                "sha256:9c6097b6a9b2bafc5e0f31f659e6ab5e131383209c30c9e978c5b8abdac5ed2a",
                "sha256:9dfa564ef27e8e674aa1cc74378416d580ac4ede1136c13dd555a87996e13422",
                "sha256:a0334a1802e64d656022c3bfab56a73fbd6bf4b1298343f3688af2151810bbdf",
                "sha256:a29460499c1e62b7a830bb57ca42e615375a6ab1bcad053cd25b493588348ea8",
                "sha256:a36e159a0521e13bbe15ca8c8d038b3a1dd4c7dad18d276d76992e03b92cf643",
                "sha256:c13ebac42236b1c46397162471ea1c46af68413000e28b9309f8c05722c65a09",
                "sha256:c3deb3b19dd9806acf00cf0d400e84562c227723013c33abefbbc3cf906596e9",
                "sha256:c658432d8a20e95398f6bb95ff9731ce9dfa343fdf21eea7ec6a7edfacd4b4d9",
                "sha256:c7f4eb77504ac586d8ac1bde1b0c04b504487210f95297235311a0ab7edd7e38",
                "sha256:d54dbaadeb1425b7d6a66bf44bee2bb2b899fe3e8850b8e94cfb9c904dcb46d0",
                "sha256:ddb52d088889f5596bc4d1de981f2eca106b58243b6679e4782f3ba5096fd645",
                "sha256:ed9d65594948678827f4ff0e7ae23344e2f2b4cabbca057ccaed3118fdc392ca",
                "sha256:fab31f48282ebf54dd69f6663cd2d9800096bad1bb67bbc9c9ac84eb77b41972"
            ],
            "version": "==0.24.1"
        },
        "scipy": {
            "hashes": [
                "sha256:168c45c0c32e23f613db7c9e4e780bc61982d71dcd406ead746c7c7c2f2004ce",
                "sha256:213bc59191da2f479984ad4ec39406bf949a99aba70e9237b916ce7547b6ef42",
                "sha256:25b241034215247481f53355e05f9e25462682b13bd9191359075682adcd9554",
                "sha256:2c872de0c69ed20fb1a9b9cf6f77298b04a26f0b8720a5457be08be254366c6e",
                "sha256:3397c129b479846d7eaa18f999369a24322d008fac0782e7828fa567358c36ce",
                "sha256:368c0f69f93186309e1b4beb8e26d51dd6f5010b79264c0f1e9ca00cd92ea8c9",
                "sha256:3d5db5d815370c28d938cf9b0809dade4acf7aba57eaf7ef733bfedc9b2474c4",
                "sha256:4598cf03136067000855d6b44d7a1f4f46994164bcd450fb2c3d481afc25dd06",
                "sha256:4a453d5e5689de62e5d38edf40af3f17560bfd63c9c5bd228c18c1f99afa155b",
                "sha256:4f12d13ffbc16e988fa40809cbbd7a8b45bc05ff6ea0ba8e3e41f6f4db3a9e47",
                "sha256:634568a3018bc16a83cda28d4f7aed0d803dd5618facb36e977e53b2df868443",
                "sha256:65923bc3809524e46fb7eb4d6346552cbb6a1ffc41be748535aa502a2e3d3389",
                "sha256:6b0ceb23560f46dd236a8ad4378fc40bad1783e997604ba845e131d6c680963e",
                "sha256:8c8d6ca19c8497344b810b0b0344f8375af5f6bb9c98bd42e33f747417ab3f57",
                "sha256:9ad4fcddcbf5dc67619379782e6aeef41218a79e17979aaed01ed099876c0e62",
                "sha256:a254b98dbcc744c723a838c03b74a8a34c0558c9ac5c86d5561703362231107d",
                "sha256:b03c4338d6d3d299e8ca494194c0ae4f611548da59e3c038813f1a43976cb437",
                "sha256:cc1f78ebc982cd0602c9a7615d878396bec94908db67d4ecddca864d049112f2",
                "sha256:d6d25c41a009e3c6b7e757338948d0076ee1dd1770d1c09ec131f11946883c54",
                "sha256:d84cadd7d7998433334c99fa55bcba0d8b4aeff0edb123b2a1dfcface538e474",
                "sha256:e360cb2299028d0b0d0f65a5c5e51fc16a335f1603aa2357c25766c8dab56938",
                "sha256:e98d49a5717369d8241d6cf33ecb0ca72deee392414118198a8e5b4c35c56340",
                "sha256:ed572470af2438b526ea574ff8f05e7f39b44ac37f712105e57fc4d53a6fb660",
                "sha256:f87b39f4d69cf7d7529d7b1098cb712033b17ea7714aed831b95628f483fd012",
                "sha256:fa789583fc94a7689b45834453fec095245c7e69c58561dc159b5d5277057e4c"
            ],
            "version": "==1.5.4"
        },
        "six": {
            "hashes": [
                "sha256:30639c035cdb23534cd4aa2dd52c3bf48f06e5f4a941509c8bafd8ce11080259",
                "sha256:8b74bedcbbbaca38ff6d7491d76f2b06b3592611af620f8426e82dddb04a5ced"
            ],
            "version": "==1.15.0"
        },
        "sklearn": {
            "hashes": [
                "sha256:e23001573aa194b834122d2b9562459bf5ae494a2d59ca6b8aa22c85a44c0e31"
            ],
            "index": "pypi",
            "version": "==0.0"
        },
        "threadpoolctl": {
            "hashes": [
                "sha256:38b74ca20ff3bb42caca8b00055111d74159ee95c4370882bbff2b93d24da725",
                "sha256:ddc57c96a38beb63db45d6c159b5ab07b6bced12c45a1f07b2b92f272aebfa6b"
            ],
            "version": "==2.1.0"
        },
        "werkzeug": {
            "hashes": [
                "sha256:865856ebb55c4dcd0630cdd8f3331a1847a819dda7e8c750d3db6f2aa6c0209c",
                "sha256:a0b915f0815982fb2a09161cb8f31708052d0951c3ba433ccc5e1aa276507ca6"
            ],
            "index": "pypi",
            "version": "==0.15.4"
        }
    },
    "develop": {}
}
